# This file was autogenerated by Stack.
# You should not edit this file by hand.
# For more information, please see the documentation at:
#   https://docs.haskellstack.org/en/stable/lock_files

packages:
- completed:
    hackage: process-1.6.20.0@sha256:2a9393de33f18415fb8f4826957a87a94ffe8840ca8472a9b69dca6de45aca03,2790
    pantry-tree:
      sha256: 14d1e9a5ec731766e43c7eb9c2dc59a7da48d98d43374d9d83e725d8891c6173
      size: 1789
  original:
    hackage: process-1.6.20.0
- completed:
    hackage: regex-posix-0.96.0.1@sha256:816d6acc560cb86672f347a7bef8129578dde26ed760f9e79b4976ed9bd7b9fd,2925
    pantry-tree:
      sha256: ea6a3adfad8fb41a761b71afb057454a41eb76fc3f75c926d0bda90588b20529
      size: 748
  original:
    hackage: regex-posix-0.96.0.1
- completed:
    hackage: directory-1.3.8.5@sha256:fbeec9ec346e5272167f63dcb86af513b457a7b9fc36dc818e4c7b81608d612b,3166
    pantry-tree:
      sha256: d11130a0ca9e7c8720ed1ceef4e2f0d9be4b446e67e7d15d634763a5c952877e
      size: 3519
  original:
    hackage: directory-1.3.8.5
snapshots:
- completed:
    sha256: 8e7996960d864443a66eb4105338bbdd6830377b9f6f99cd5527ef73c10c01e7
    size: 719128
    url: https://raw.githubusercontent.com/commercialhaskell/stackage-snapshots/master/lts/22/26.yaml
  original: lts-22.26
